
Microsoft Visual Studio Solution File, Format Version 12.00
# Visual Studio 2013
VisualStudioVersion = 12.0.21005.1
MinimumVisualStudioVersion = 10.0.40219.1
Project("{FAE04EC0-301F-11D3-BF4B-00C04F79EFBC}") = "MVCUnityUnit", "MVCUnityUnit\MVCUnityUnit.csproj", "{7670F73C-7A3D-4A56-8F3D-D5B37FAB67E8}"
EndProject
Global
	GlobalSection(SolutionConfigurationPlatforms) = preSolution
		Debug|Any CPU = Debug|Any CPU
		Release|Any CPU = Release|Any CPU
	EndGlobalSection
	GlobalSection(ProjectConfigurationPlatforms) = postSolution
		{7670F73C-7A3D-4A56-8F3D-D5B37FAB67E8}.Debug|Any CPU.ActiveCfg = Debug|Any CPU
		{7670F73C-7A3D-4A56-8F3D-D5B37FAB67E8}.Debug|Any CPU.Build.0 = Debug|Any CPU
		{7670F73C-7A3D-4A56-8F3D-D5B37FAB67E8}.Release|Any CPU.ActiveCfg = Release|Any CPU
		{7670F73C-7A3D-4A56-8F3D-D5B37FAB67E8}.Release|Any CPU.Build.0 = Release|Any CPU
	EndGlobalSection
	GlobalSection(SolutionProperties) = preSolution
		HideSolutionNode = FALSE
	EndGlobalSection
EndGlobal
